# This file is automatically @generated by Poetry 1.4.2 and should not be changed by hand.

[[package]]
name = "gmpy2"
version = "2.1.5"
description = "gmpy2 interface to GMP/MPIR, MPFR, and MPC for Python 2.7 and 3.5+"
category = "main"
optional = false
python-versions = "*"
files = [
    {file = "gmpy2-2.1.5-cp27-cp27m-macosx_10_9_x86_64.whl", hash = "sha256:d8e531a799f09cc66bd2de16b867cf19ce981bbc005bd026fa8d9af46cbdc08b"},
    {file = "gmpy2-2.1.5-cp27-cp27m-manylinux2010_i686.whl", hash = "sha256:eec3b3c9413dd1ea4413af57fc9c92ccbb4d5bb8336da5efbbda8f107fd90eec"},
    {file = "gmpy2-2.1.5-cp27-cp27m-manylinux2010_x86_64.whl", hash = "sha256:55dcf08d4278b439c1ba37d9b6893bb77bc34b55ccc9b1ad8645d4596a12700e"},
    {file = "gmpy2-2.1.5-cp27-cp27m-win_amd64.whl", hash = "sha256:8947f3b8a1c90f5bae26caf83b9ba2313e52cd06472f7c2be7a5b3a32bdc1bdd"},
    {file = "gmpy2-2.1.5-cp27-cp27mu-manylinux2010_i686.whl", hash = "sha256:3459447d579dd0620a09c2aa4a9c1dbfc46cc8084b6928b901607e8565f04a83"},
    {file = "gmpy2-2.1.5-cp27-cp27mu-manylinux2010_x86_64.whl", hash = "sha256:931adb3006afb55562094e9a866a1db584c11bc9b4a370d1f4719b551b5403fe"},
    {file = "gmpy2-2.1.5-cp310-cp310-macosx_10_9_x86_64.whl", hash = "sha256:df404ae9a97b9f399d9ca6890b02bef175a373f87e317f93cbaae00f68774e11"},
    {file = "gmpy2-2.1.5-cp310-cp310-macosx_11_0_arm64.whl", hash = "sha256:cd876ee5232b0d70dd0bae2b39f54a75f6cc9bbf1dd90b8f0fda8c267fa383a2"},
    {file = "gmpy2-2.1.5-cp310-cp310-manylinux_2_17_i686.manylinux2014_i686.whl", hash = "sha256:4877978256fbb6d6b51cc3892183327171c174fbf60671962ab7aa5e70af8eb3"},
    {file = "gmpy2-2.1.5-cp310-cp310-manylinux_2_17_x86_64.manylinux2014_x86_64.whl", hash = "sha256:565d0444f0d174d84bcbcb0da8feede0ce09733dabd905b63343b94d666e46c0"},
    {file = "gmpy2-2.1.5-cp310-cp310-musllinux_1_1_i686.whl", hash = "sha256:85614559144edad1223a46cae4a3e965818022cb2bb44438f3c42406395a9eb7"},
    {file = "gmpy2-2.1.5-cp310-cp310-musllinux_1_1_x86_64.whl", hash = "sha256:29441b7d31ea60c93249667c6ef33f2560d34ce3cf284d7e4e32e91ed1f9ac1b"},
    {file = "gmpy2-2.1.5-cp310-cp310-win_amd64.whl", hash = "sha256:8946dc912c647f7cd29a587339c9e79860d9b34a3a59cbdc04d6d6fe20cfff39"},
    {file = "gmpy2-2.1.5-cp311-cp311-macosx_10_9_x86_64.whl", hash = "sha256:58097d7ef48f3eabc86e55ca078d3eee5fa3574d9d585f944ee7bc0f00900864"},
    {file = "gmpy2-2.1.5-cp311-cp311-macosx_11_0_arm64.whl", hash = "sha256:fa312ec90e643c8ed2224e204f43239c2e27d14261b349c84912c8858a54c5d5"},
    {file = "gmpy2-2.1.5-cp311-cp311-manylinux_2_17_i686.manylinux2014_i686.whl", hash = "sha256:9ac72073e7938c2307e7e4645367709a32036787f5e176c4acf881c7d8efff28"},
    {file = "gmpy2-2.1.5-cp311-cp311-manylinux_2_17_x86_64.manylinux2014_x86_64.whl", hash = "sha256:3245fd34217649f6c48515ef42da67eb43794f24a20fc961dc2c0c99bb8ebb39"},
    {file = "gmpy2-2.1.5-cp311-cp311-musllinux_1_1_i686.whl", hash = "sha256:4e9d64c1e1e66a2137617c361714022da3de75787d51bd1aed205eb28ddb362c"},
    {file = "gmpy2-2.1.5-cp311-cp311-musllinux_1_1_x86_64.whl", hash = "sha256:81004086f2543399b6b425989fc96cc02dd38ab74dcbfd3acb324af1a6770eaf"},
    {file = "gmpy2-2.1.5-cp311-cp311-win_amd64.whl", hash = "sha256:03beaccf3843c9e9d9cf70102a74cd1e617e792337b64ae73a417b80bf96b385"},
    {file = "gmpy2-2.1.5-cp35-cp35m-macosx_10_9_x86_64.whl", hash = "sha256:131d441cc0e77620d88a900eaa6eee8648ba630621b8337b966cda76964e7662"},
    {file = "gmpy2-2.1.5-cp35-cp35m-manylinux2010_i686.whl", hash = "sha256:b6a04cfa85607b47e86eefe102b1124c6d0a8981f4197a3afd7071f0719ac9b6"},
    {file = "gmpy2-2.1.5-cp35-cp35m-manylinux2010_x86_64.whl", hash = "sha256:09800f5a7566093d74702ad31f775f176df539f1138f4475ba8edf11903a2b2b"},
    {file = "gmpy2-2.1.5-cp35-cp35m-win_amd64.whl", hash = "sha256:a3a61cd88aca0a891e26ada53f2bf3f4433d4fb1c771f12dec97e8edc17f9f7e"},
    {file = "gmpy2-2.1.5-cp36-cp36m-macosx_10_9_x86_64.whl", hash = "sha256:411d1ea2f5a04d8857a7fe1e59d28d384f19232cb7519f29565c087bda364685"},
    {file = "gmpy2-2.1.5-cp36-cp36m-manylinux_2_17_i686.manylinux2014_i686.whl", hash = "sha256:a5fa902b1c6911d41e6045c94eac57cf2ea76f71946ca65ab65ae8f5d20b2aae"},
    {file = "gmpy2-2.1.5-cp36-cp36m-manylinux_2_17_x86_64.manylinux2014_x86_64.whl", hash = "sha256:51b95d8e2d6914552118d0316c8ce566441b709e001e66c5db16495be1a429ac"},
    {file = "gmpy2-2.1.5-cp36-cp36m-musllinux_1_1_i686.whl", hash = "sha256:7bbe8d39d83e96b5f81b26e65f99a3e8794cf1edfd891e154a233757a26764fb"},
    {file = "gmpy2-2.1.5-cp36-cp36m-musllinux_1_1_x86_64.whl", hash = "sha256:e7f324dd859a1324bbc5d5375f431f1ac81c6487035a34cba12fbe8658a888f0"},
    {file = "gmpy2-2.1.5-cp36-cp36m-win_amd64.whl", hash = "sha256:c9e9909d12d06697867568007e9b945246f567116fa5b830513f72766ca8b0c7"},
    {file = "gmpy2-2.1.5-cp37-cp37m-macosx_10_9_x86_64.whl", hash = "sha256:4957d9164a8b2a93263e8a43f99c635a84c1a4044a256e1a496503dd624376a8"},
    {file = "gmpy2-2.1.5-cp37-cp37m-manylinux_2_17_i686.manylinux2014_i686.whl", hash = "sha256:efda6e0508d0c7fe79d0fc3fccd3bab90937dba05384224cbc08398856805ce6"},
    {file = "gmpy2-2.1.5-cp37-cp37m-manylinux_2_17_x86_64.manylinux2014_x86_64.whl", hash = "sha256:b8f59c69dd138d84d471530e0907c254429855a839b93b00c7e9fa7ec766feae"},
    {file = "gmpy2-2.1.5-cp37-cp37m-musllinux_1_1_i686.whl", hash = "sha256:943078c7abef7757758bb0f313b4346cf9b0c91f93039b5980d22f2ee0d53177"},
    {file = "gmpy2-2.1.5-cp37-cp37m-musllinux_1_1_x86_64.whl", hash = "sha256:c935af5fcd2fbd2ed89d0e0cf1c7fd11603101293dbddb46fd1325c56363573f"},
    {file = "gmpy2-2.1.5-cp37-cp37m-win_amd64.whl", hash = "sha256:18233c35d5bbddfe2ec8c269e216dc841ce24ba5f2b00e79e8278ba843eb22dc"},
    {file = "gmpy2-2.1.5-cp38-cp38-macosx_10_9_x86_64.whl", hash = "sha256:6300a0e427bb8b12442db2629b7b271d4d0cd3dbffe2e3880c408932993d31ba"},
    {file = "gmpy2-2.1.5-cp38-cp38-macosx_11_0_arm64.whl", hash = "sha256:8d2299682455ee22830f7c0f5851a86ae121ccc5fca2f483be7229a91a2f3be5"},
    {file = "gmpy2-2.1.5-cp38-cp38-manylinux_2_17_i686.manylinux2014_i686.whl", hash = "sha256:f50d91d779fe24e7dd3feaa1c06e47e11452a73d0a8c67daeea055a6d58cf233"},
    {file = "gmpy2-2.1.5-cp38-cp38-manylinux_2_17_x86_64.manylinux2014_x86_64.whl", hash = "sha256:c398e6e5bb470f0529ca4e2490d5a396bc9c50c860818f297f47486e51e86673"},
    {file = "gmpy2-2.1.5-cp38-cp38-musllinux_1_1_i686.whl", hash = "sha256:cfdb61f87edf9a7897e7c3e9204f141ddb1de68ecb7038edf0c676bdea815ef2"},
    {file = "gmpy2-2.1.5-cp38-cp38-musllinux_1_1_x86_64.whl", hash = "sha256:356c986799a3b34bdcf845961976398556bcfe104e115379effefc50b2cce320"},
    {file = "gmpy2-2.1.5-cp38-cp38-win_amd64.whl", hash = "sha256:c40ed4d68e0b54efa53a9d9fe62662342dd85212f08382b852ca9effab2e7666"},
    {file = "gmpy2-2.1.5-cp39-cp39-macosx_10_9_x86_64.whl", hash = "sha256:6131ccb4f34849b0fa54b9dd8261c00b16fcf4c3332696cb16469a21c217f884"},
    {file = "gmpy2-2.1.5-cp39-cp39-macosx_11_0_arm64.whl", hash = "sha256:2fee8bb2934300173d8de0ce670bdfedbb5b09817db94c2467aafa18380a1286"},
    {file = "gmpy2-2.1.5-cp39-cp39-manylinux_2_17_i686.manylinux2014_i686.whl", hash = "sha256:c23c98db9cccb63872dd32bdd98275c9503809117d8a23ddd683d8baa3e3ee67"},
    {file = "gmpy2-2.1.5-cp39-cp39-manylinux_2_17_x86_64.manylinux2014_x86_64.whl", hash = "sha256:b2764dfc443c364b918506ecad8973a61b76ca0b5afdf460f940134166a2a3e7"},
    {file = "gmpy2-2.1.5-cp39-cp39-musllinux_1_1_i686.whl", hash = "sha256:4fccf90d28f934f76cc4252007d2e94cc38700ed016d3fd787974f79819381fd"},
    {file = "gmpy2-2.1.5-cp39-cp39-musllinux_1_1_x86_64.whl", hash = "sha256:0baf36b2724e154bf98ea17f4ff8234543dc7af7297ce3a0a7098bca0209b768"},
    {file = "gmpy2-2.1.5-cp39-cp39-win_amd64.whl", hash = "sha256:8739ca54323ff28bc317920ed96723a13558a3c442ef77ac325eb3cdd5d32d05"},
    {file = "gmpy2-2.1.5.tar.gz", hash = "sha256:bc297f1fd8c377ae67a4f493fc0f926e5d1b157e5c342e30a4d84dc7b9f95d96"},
]

[[package]]
name = "numpy"
version = "1.25.2"
description = "Fundamental package for array computing in Python"
category = "main"
optional = false
python-versions = ">=3.9"
files = [
    {file = "numpy-1.25.2-cp310-cp310-macosx_10_9_x86_64.whl", hash = "sha256:db3ccc4e37a6873045580d413fe79b68e47a681af8db2e046f1dacfa11f86eb3"},
    {file = "numpy-1.25.2-cp310-cp310-macosx_11_0_arm64.whl", hash = "sha256:90319e4f002795ccfc9050110bbbaa16c944b1c37c0baeea43c5fb881693ae1f"},
    {file = "numpy-1.25.2-cp310-cp310-manylinux_2_17_aarch64.manylinux2014_aarch64.whl", hash = "sha256:dfe4a913e29b418d096e696ddd422d8a5d13ffba4ea91f9f60440a3b759b0187"},
    {file = "numpy-1.25.2-cp310-cp310-manylinux_2_17_x86_64.manylinux2014_x86_64.whl", hash = "sha256:f08f2e037bba04e707eebf4bc934f1972a315c883a9e0ebfa8a7756eabf9e357"},
    {file = "numpy-1.25.2-cp310-cp310-musllinux_1_1_x86_64.whl", hash = "sha256:bec1e7213c7cb00d67093247f8c4db156fd03075f49876957dca4711306d39c9"},
    {file = "numpy-1.25.2-cp310-cp310-win32.whl", hash = "sha256:7dc869c0c75988e1c693d0e2d5b26034644399dd929bc049db55395b1379e044"},
    {file = "numpy-1.25.2-cp310-cp310-win_amd64.whl", hash = "sha256:834b386f2b8210dca38c71a6e0f4fd6922f7d3fcff935dbe3a570945acb1b545"},
    {file = "numpy-1.25.2-cp311-cp311-macosx_10_9_x86_64.whl", hash = "sha256:c5462d19336db4560041517dbb7759c21d181a67cb01b36ca109b2ae37d32418"},
    {file = "numpy-1.25.2-cp311-cp311-macosx_11_0_arm64.whl", hash = "sha256:c5652ea24d33585ea39eb6a6a15dac87a1206a692719ff45d53c5282e66d4a8f"},
    {file = "numpy-1.25.2-cp311-cp311-manylinux_2_17_aarch64.manylinux2014_aarch64.whl", hash = "sha256:0d60fbae8e0019865fc4784745814cff1c421df5afee233db6d88ab4f14655a2"},
    {file = "numpy-1.25.2-cp311-cp311-manylinux_2_17_x86_64.manylinux2014_x86_64.whl", hash = "sha256:60e7f0f7f6d0eee8364b9a6304c2845b9c491ac706048c7e8cf47b83123b8dbf"},
    {file = "numpy-1.25.2-cp311-cp311-musllinux_1_1_x86_64.whl", hash = "sha256:bb33d5a1cf360304754913a350edda36d5b8c5331a8237268c48f91253c3a364"},
    {file = "numpy-1.25.2-cp311-cp311-win32.whl", hash = "sha256:5883c06bb92f2e6c8181df7b39971a5fb436288db58b5a1c3967702d4278691d"},
    {file = "numpy-1.25.2-cp311-cp311-win_amd64.whl", hash = "sha256:5c97325a0ba6f9d041feb9390924614b60b99209a71a69c876f71052521d42a4"},
    {file = "numpy-1.25.2-cp39-cp39-macosx_10_9_x86_64.whl", hash = "sha256:b79e513d7aac42ae918db3ad1341a015488530d0bb2a6abcbdd10a3a829ccfd3"},
    {file = "numpy-1.25.2-cp39-cp39-macosx_11_0_arm64.whl", hash = "sha256:eb942bfb6f84df5ce05dbf4b46673ffed0d3da59f13635ea9b926af3deb76926"},
    {file = "numpy-1.25.2-cp39-cp39-manylinux_2_17_aarch64.manylinux2014_aarch64.whl", hash = "sha256:3e0746410e73384e70d286f93abf2520035250aad8c5714240b0492a7302fdca"},
    {file = "numpy-1.25.2-cp39-cp39-manylinux_2_17_x86_64.manylinux2014_x86_64.whl", hash = "sha256:d7806500e4f5bdd04095e849265e55de20d8cc4b661b038957354327f6d9b295"},
    {file = "numpy-1.25.2-cp39-cp39-musllinux_1_1_x86_64.whl", hash = "sha256:8b77775f4b7df768967a7c8b3567e309f617dd5e99aeb886fa14dc1a0791141f"},
    {file = "numpy-1.25.2-cp39-cp39-win32.whl", hash = "sha256:2792d23d62ec51e50ce4d4b7d73de8f67a2fd3ea710dcbc8563a51a03fb07b01"},
    {file = "numpy-1.25.2-cp39-cp39-win_amd64.whl", hash = "sha256:76b4115d42a7dfc5d485d358728cdd8719be33cc5ec6ec08632a5d6fca2ed380"},
    {file = "numpy-1.25.2-pp39-pypy39_pp73-macosx_10_9_x86_64.whl", hash = "sha256:1a1329e26f46230bf77b02cc19e900db9b52f398d6722ca853349a782d4cff55"},
    {file = "numpy-1.25.2-pp39-pypy39_pp73-manylinux_2_17_x86_64.manylinux2014_x86_64.whl", hash = "sha256:4c3abc71e8b6edba80a01a52e66d83c5d14433cbcd26a40c329ec7ed09f37901"},
    {file = "numpy-1.25.2-pp39-pypy39_pp73-win_amd64.whl", hash = "sha256:1b9735c27cea5d995496f46a8b1cd7b408b3f34b6d50459d9ac8fe3a20cc17bf"},
    {file = "numpy-1.25.2.tar.gz", hash = "sha256:fd608e19c8d7c55021dffd43bfe5492fab8cc105cc8986f813f8c3c048b38760"},
]

[[package]]
name = "packaging"
version = "23.1"
description = "Core utilities for Python packages"
category = "main"
optional = false
python-versions = ">=3.7"
files = [
    {file = "packaging-23.1-py3-none-any.whl", hash = "sha256:994793af429502c4ea2ebf6bf664629d07c1a9fe974af92966e4b8d2df7edc61"},
    {file = "packaging-23.1.tar.gz", hash = "sha256:a392980d2b6cffa644431898be54b0045151319d1e7ec34f0cfed48767dd334f"},
]

[[package]]
name = "pyodide-py"
version = "0.23.4"
description = "\"A Python package providing core interpreter functionality for Pyodide.\""
category = "main"
optional = false
python-versions = ">=3.8"
files = [
    {file = "pyodide-py-0.23.4.tar.gz", hash = "sha256:8bc34c81a01aaecf812145901b7847fce4c385faa6bed4d1ce821a1bdab3af2f"},
    {file = "pyodide_py-0.23.4-py3-none-any.whl", hash = "sha256:caf08f33e3f2269ac652e7d6df6f1c16e32500cdd0de804e1bf79e83e4c89b84"},
]

[metadata]
lock-version = "2.0"
python-versions = "^3.10"
content-hash = "6fb6d3c68c7585a607b57e89ed38176799d93e189160f18e986f5f59826e384b"
